
Microsoft Visual Studio Solution File, Format Version 12.00
# Visual Studio Version 16
VisualStudioVersion = 16.0.31702.278
MinimumVisualStudioVersion = 10.0.40219.1
Project("{9A19103F-16F7-4668-BE54-9A1E7A4F7556}") = "Lab2_LeTruongMinhNhan", "Lab2_LeTruongMinhNhan.csproj", "{488EC999-AE5E-4E4F-B55F-87F4DCA4CA08}"
EndProject
Project("{FAE04EC0-301F-11D3-BF4B-00C04F79EFBC}") = "Lap2_LeTruongMinhNhan_Bai34", "..\Lap2_LeTruongMinhNhan_Bai34\Lap2_LeTruongMinhNhan_Bai34.csproj", "{0FEDB83D-8BBC-4F97-8117-1DABF0F490AD}"
EndProject
Global
	GlobalSection(SolutionConfigurationPlatforms) = preSolution
		Debug|Any CPU = Debug|Any CPU
		Release|Any CPU = Release|Any CPU
	EndGlobalSection
	GlobalSection(ProjectConfigurationPlatforms) = postSolution
		{488EC999-AE5E-4E4F-B55F-87F4DCA4CA08}.Debug|Any CPU.ActiveCfg = Debug|Any CPU
		{488EC999-AE5E-4E4F-B55F-87F4DCA4CA08}.Debug|Any CPU.Build.0 = Debug|Any CPU
		{488EC999-AE5E-4E4F-B55F-87F4DCA4CA08}.Release|Any CPU.ActiveCfg = Release|Any CPU
		{488EC999-AE5E-4E4F-B55F-87F4DCA4CA08}.Release|Any CPU.Build.0 = Release|Any CPU
		{0FEDB83D-8BBC-4F97-8117-1DABF0F490AD}.Debug|Any CPU.ActiveCfg = Debug|Any CPU
		{0FEDB83D-8BBC-4F97-8117-1DABF0F490AD}.Debug|Any CPU.Build.0 = Debug|Any CPU
		{0FEDB83D-8BBC-4F97-8117-1DABF0F490AD}.Release|Any CPU.ActiveCfg = Release|Any CPU
		{0FEDB83D-8BBC-4F97-8117-1DABF0F490AD}.Release|Any CPU.Build.0 = Release|Any CPU
	EndGlobalSection
	GlobalSection(SolutionProperties) = preSolution
		HideSolutionNode = FALSE
	EndGlobalSection
	GlobalSection(ExtensibilityGlobals) = postSolution
		SolutionGuid = {674C8399-1E3E-477A-A52C-93933C2E68FA}
	EndGlobalSection
EndGlobal
