
Microsoft Visual Studio Solution File, Format Version 12.00
# Visual Studio Version 16
VisualStudioVersion = 16.0.31702.278
MinimumVisualStudioVersion = 10.0.40219.1
Project("{9A19103F-16F7-4668-BE54-9A1E7A4F7556}") = "1911060190_LeTruongMinhNhan_Bai1", "1911060190_LeTruongMinhNhan_Bai1.csproj", "{FD3B2C34-06E1-4718-8BD5-227B964FDEA8}"
EndProject
Project("{FAE04EC0-301F-11D3-BF4B-00C04F79EFBC}") = "1911060190_LeTruongMinhNhan_Bai2", "..\1911060190_LeTruongMinhNhan_Bai2\1911060190_LeTruongMinhNhan_Bai2.csproj", "{D903B333-DCC5-4B44-9788-4137A6E978D7}"
EndProject
Global
	GlobalSection(SolutionConfigurationPlatforms) = preSolution
		Debug|Any CPU = Debug|Any CPU
		Release|Any CPU = Release|Any CPU
	EndGlobalSection
	GlobalSection(ProjectConfigurationPlatforms) = postSolution
		{FD3B2C34-06E1-4718-8BD5-227B964FDEA8}.Debug|Any CPU.ActiveCfg = Debug|Any CPU
		{FD3B2C34-06E1-4718-8BD5-227B964FDEA8}.Debug|Any CPU.Build.0 = Debug|Any CPU
		{FD3B2C34-06E1-4718-8BD5-227B964FDEA8}.Release|Any CPU.ActiveCfg = Release|Any CPU
		{FD3B2C34-06E1-4718-8BD5-227B964FDEA8}.Release|Any CPU.Build.0 = Release|Any CPU
		{D903B333-DCC5-4B44-9788-4137A6E978D7}.Debug|Any CPU.ActiveCfg = Debug|Any CPU
		{D903B333-DCC5-4B44-9788-4137A6E978D7}.Debug|Any CPU.Build.0 = Debug|Any CPU
		{D903B333-DCC5-4B44-9788-4137A6E978D7}.Release|Any CPU.ActiveCfg = Release|Any CPU
		{D903B333-DCC5-4B44-9788-4137A6E978D7}.Release|Any CPU.Build.0 = Release|Any CPU
	EndGlobalSection
	GlobalSection(SolutionProperties) = preSolution
		HideSolutionNode = FALSE
	EndGlobalSection
	GlobalSection(ExtensibilityGlobals) = postSolution
		SolutionGuid = {475C26BB-5670-42B5-B04E-753CF2B3617A}
	EndGlobalSection
EndGlobal
