
Microsoft Visual Studio Solution File, Format Version 12.00
# Visual Studio Version 16
VisualStudioVersion = 16.0.31702.278
MinimumVisualStudioVersion = 10.0.40219.1
Project("{FAE04EC0-301F-11D3-BF4B-00C04F79EFBC}") = "TetsLab5", "TetsLab5.csproj", "{7DBF58EA-E76F-492F-A462-978A15F34212}"
EndProject
Project("{FAE04EC0-301F-11D3-BF4B-00C04F79EFBC}") = "Lab_Bai3", "..\Lab_Bai3\Lab_Bai3.csproj", "{8BD5CB9E-904E-4C17-9A76-602B94225515}"
EndProject
Global
	GlobalSection(SolutionConfigurationPlatforms) = preSolution
		Debug|Any CPU = Debug|Any CPU
		Release|Any CPU = Release|Any CPU
	EndGlobalSection
	GlobalSection(ProjectConfigurationPlatforms) = postSolution
		{7DBF58EA-E76F-492F-A462-978A15F34212}.Debug|Any CPU.ActiveCfg = Debug|Any CPU
		{7DBF58EA-E76F-492F-A462-978A15F34212}.Debug|Any CPU.Build.0 = Debug|Any CPU
		{7DBF58EA-E76F-492F-A462-978A15F34212}.Release|Any CPU.ActiveCfg = Release|Any CPU
		{7DBF58EA-E76F-492F-A462-978A15F34212}.Release|Any CPU.Build.0 = Release|Any CPU
		{8BD5CB9E-904E-4C17-9A76-602B94225515}.Debug|Any CPU.ActiveCfg = Debug|Any CPU
		{8BD5CB9E-904E-4C17-9A76-602B94225515}.Debug|Any CPU.Build.0 = Debug|Any CPU
		{8BD5CB9E-904E-4C17-9A76-602B94225515}.Release|Any CPU.ActiveCfg = Release|Any CPU
		{8BD5CB9E-904E-4C17-9A76-602B94225515}.Release|Any CPU.Build.0 = Release|Any CPU
	EndGlobalSection
	GlobalSection(SolutionProperties) = preSolution
		HideSolutionNode = FALSE
	EndGlobalSection
	GlobalSection(ExtensibilityGlobals) = postSolution
		SolutionGuid = {F3C2F27F-1411-491B-8960-DE25F0D2DCB1}
	EndGlobalSection
EndGlobal
