
Microsoft Visual Studio Solution File, Format Version 12.00
# Visual Studio Version 16
VisualStudioVersion = 16.0.31702.278
MinimumVisualStudioVersion = 10.0.40219.1
Project("{FAE04EC0-301F-11D3-BF4B-00C04F79EFBC}") = "Lab7_LeTruongMinhNhan", "Lab7_LeTruongMinhNhan.csproj", "{70A444C7-FE24-447D-B04F-E810028B9068}"
EndProject
Global
	GlobalSection(SolutionConfigurationPlatforms) = preSolution
		Debug|Any CPU = Debug|Any CPU
		Release|Any CPU = Release|Any CPU
	EndGlobalSection
	GlobalSection(ProjectConfigurationPlatforms) = postSolution
		{70A444C7-FE24-447D-B04F-E810028B9068}.Debug|Any CPU.ActiveCfg = Debug|Any CPU
		{70A444C7-FE24-447D-B04F-E810028B9068}.Debug|Any CPU.Build.0 = Debug|Any CPU
		{70A444C7-FE24-447D-B04F-E810028B9068}.Release|Any CPU.ActiveCfg = Release|Any CPU
		{70A444C7-FE24-447D-B04F-E810028B9068}.Release|Any CPU.Build.0 = Release|Any CPU
	EndGlobalSection
	GlobalSection(SolutionProperties) = preSolution
		HideSolutionNode = FALSE
	EndGlobalSection
	GlobalSection(ExtensibilityGlobals) = postSolution
		SolutionGuid = {335A522F-C1BB-4BC1-8F42-B0F9F8071F89}
	EndGlobalSection
EndGlobal
